
Microsoft Visual Studio Solution File, Format Version 12.00
# Visual Studio Version 17
VisualStudioVersion = 17.14.36401.2 d17.14
MinimumVisualStudioVersion = 10.0.40219.1
Project("{FAE04EC0-301F-11D3-BF4B-00C04F79EFBC}") = "ConsoleApp53", "ConsoleApp53\ConsoleApp53.csproj", "{295CF85F-3130-4459-8852-435E1F24C305}"
EndProject
Global
	GlobalSection(SolutionConfigurationPlatforms) = preSolution
		Debug|Any CPU = Debug|Any CPU
		Release|Any CPU = Release|Any CPU
	EndGlobalSection
	GlobalSection(ProjectConfigurationPlatforms) = postSolution
		{295CF85F-3130-4459-8852-435E1F24C305}.Debug|Any CPU.ActiveCfg = Debug|Any CPU
		{295CF85F-3130-4459-8852-435E1F24C305}.Debug|Any CPU.Build.0 = Debug|Any CPU
		{295CF85F-3130-4459-8852-435E1F24C305}.Release|Any CPU.ActiveCfg = Release|Any CPU
		{295CF85F-3130-4459-8852-435E1F24C305}.Release|Any CPU.Build.0 = Release|Any CPU
	EndGlobalSection
	GlobalSection(SolutionProperties) = preSolution
		HideSolutionNode = FALSE
	EndGlobalSection
	GlobalSection(ExtensibilityGlobals) = postSolution
		SolutionGuid = {24309099-AFB5-4548-A352-F51322C78809}
	EndGlobalSection
EndGlobal
